
Microsoft Visual Studio Solution File, Format Version 12.00
# Visual Studio Version 17
VisualStudioVersion = 17.10.35004.147
MinimumVisualStudioVersion = 10.0.40219.1
Project("{9A19103F-16F7-4668-BE54-9A1E7A4F7556}") = "2_Homework", "2_Homework\2_Homework.csproj", "{83D56954-6271-4BA9-9114-48E487C90A30}"
EndProject
Project("{8BC9CEB8-8B4A-11D0-8D11-00A0C91BC942}") = "test", "test\test.vcxproj", "{E8D71BCD-E48B-499D-9EF1-402BD5C7C168}"
EndProject
Global
	GlobalSection(SolutionConfigurationPlatforms) = preSolution
		Debug|Any CPU = Debug|Any CPU
		Debug|x64 = Debug|x64
		Debug|x86 = Debug|x86
		Release|Any CPU = Release|Any CPU
		Release|x64 = Release|x64
		Release|x86 = Release|x86
	EndGlobalSection
	GlobalSection(ProjectConfigurationPlatforms) = postSolution
		{83D56954-6271-4BA9-9114-48E487C90A30}.Debug|Any CPU.ActiveCfg = Debug|Any CPU
		{83D56954-6271-4BA9-9114-48E487C90A30}.Debug|Any CPU.Build.0 = Debug|Any CPU
		{83D56954-6271-4BA9-9114-48E487C90A30}.Debug|x64.ActiveCfg = Debug|Any CPU
		{83D56954-6271-4BA9-9114-48E487C90A30}.Debug|x64.Build.0 = Debug|Any CPU
		{83D56954-6271-4BA9-9114-48E487C90A30}.Debug|x86.ActiveCfg = Debug|Any CPU
		{83D56954-6271-4BA9-9114-48E487C90A30}.Debug|x86.Build.0 = Debug|Any CPU
		{83D56954-6271-4BA9-9114-48E487C90A30}.Release|Any CPU.ActiveCfg = Release|Any CPU
		{83D56954-6271-4BA9-9114-48E487C90A30}.Release|Any CPU.Build.0 = Release|Any CPU
		{83D56954-6271-4BA9-9114-48E487C90A30}.Release|x64.ActiveCfg = Release|Any CPU
		{83D56954-6271-4BA9-9114-48E487C90A30}.Release|x64.Build.0 = Release|Any CPU
		{83D56954-6271-4BA9-9114-48E487C90A30}.Release|x86.ActiveCfg = Release|Any CPU
		{83D56954-6271-4BA9-9114-48E487C90A30}.Release|x86.Build.0 = Release|Any CPU
		{E8D71BCD-E48B-499D-9EF1-402BD5C7C168}.Debug|Any CPU.ActiveCfg = Debug|x64
		{E8D71BCD-E48B-499D-9EF1-402BD5C7C168}.Debug|Any CPU.Build.0 = Debug|x64
		{E8D71BCD-E48B-499D-9EF1-402BD5C7C168}.Debug|x64.ActiveCfg = Debug|x64
		{E8D71BCD-E48B-499D-9EF1-402BD5C7C168}.Debug|x64.Build.0 = Debug|x64
		{E8D71BCD-E48B-499D-9EF1-402BD5C7C168}.Debug|x86.ActiveCfg = Debug|Win32
		{E8D71BCD-E48B-499D-9EF1-402BD5C7C168}.Debug|x86.Build.0 = Debug|Win32
		{E8D71BCD-E48B-499D-9EF1-402BD5C7C168}.Release|Any CPU.ActiveCfg = Release|x64
		{E8D71BCD-E48B-499D-9EF1-402BD5C7C168}.Release|Any CPU.Build.0 = Release|x64
		{E8D71BCD-E48B-499D-9EF1-402BD5C7C168}.Release|x64.ActiveCfg = Release|x64
		{E8D71BCD-E48B-499D-9EF1-402BD5C7C168}.Release|x64.Build.0 = Release|x64
		{E8D71BCD-E48B-499D-9EF1-402BD5C7C168}.Release|x86.ActiveCfg = Release|Win32
		{E8D71BCD-E48B-499D-9EF1-402BD5C7C168}.Release|x86.Build.0 = Release|Win32
	EndGlobalSection
	GlobalSection(SolutionProperties) = preSolution
		HideSolutionNode = FALSE
	EndGlobalSection
	GlobalSection(ExtensibilityGlobals) = postSolution
		SolutionGuid = {41D1A2B7-7862-4E09-87CF-E550E58BF895}
	EndGlobalSection
EndGlobal
