
Microsoft Visual Studio Solution File, Format Version 12.00
# Visual Studio Version 17
VisualStudioVersion = 17.10.35004.147
MinimumVisualStudioVersion = 10.0.40219.1
Project("{9A19103F-16F7-4668-BE54-9A1E7A4F7556}") = "02_Homework", "2_Homework\02_Homework.csproj", "{83D56954-6271-4BA9-9114-48E487C90A30}"
EndProject
Project("{9A19103F-16F7-4668-BE54-9A1E7A4F7556}") = "03_Homework", "03_Homework\03_Homework.csproj", "{555F9C18-5D73-4C62-B882-1E52728F2E2C}"
EndProject
Project("{9A19103F-16F7-4668-BE54-9A1E7A4F7556}") = "06_Homework_IntroToOOP", "06_Homework_IntroToOOP\06_Homework_IntroToOOP.csproj", "{9E8DC0E7-FF21-493A-BA27-C3DD98E4BB87}"
EndProject
Project("{FAE04EC0-301F-11D3-BF4B-00C04F79EFBC}") = "07_HW_StructRefOut", "07_HW_StructRefOut\07_HW_StructRefOut.csproj", "{F52C412F-22E1-4182-B4E8-0D3B6311F601}"
EndProject
Global
	GlobalSection(SolutionConfigurationPlatforms) = preSolution
		Debug|Any CPU = Debug|Any CPU
		Debug|x64 = Debug|x64
		Debug|x86 = Debug|x86
		Release|Any CPU = Release|Any CPU
		Release|x64 = Release|x64
		Release|x86 = Release|x86
	EndGlobalSection
	GlobalSection(ProjectConfigurationPlatforms) = postSolution
		{83D56954-6271-4BA9-9114-48E487C90A30}.Debug|Any CPU.ActiveCfg = Debug|Any CPU
		{83D56954-6271-4BA9-9114-48E487C90A30}.Debug|Any CPU.Build.0 = Debug|Any CPU
		{83D56954-6271-4BA9-9114-48E487C90A30}.Debug|x64.ActiveCfg = Debug|Any CPU
		{83D56954-6271-4BA9-9114-48E487C90A30}.Debug|x64.Build.0 = Debug|Any CPU
		{83D56954-6271-4BA9-9114-48E487C90A30}.Debug|x86.ActiveCfg = Debug|Any CPU
		{83D56954-6271-4BA9-9114-48E487C90A30}.Debug|x86.Build.0 = Debug|Any CPU
		{83D56954-6271-4BA9-9114-48E487C90A30}.Release|Any CPU.ActiveCfg = Release|Any CPU
		{83D56954-6271-4BA9-9114-48E487C90A30}.Release|Any CPU.Build.0 = Release|Any CPU
		{83D56954-6271-4BA9-9114-48E487C90A30}.Release|x64.ActiveCfg = Release|Any CPU
		{83D56954-6271-4BA9-9114-48E487C90A30}.Release|x64.Build.0 = Release|Any CPU
		{83D56954-6271-4BA9-9114-48E487C90A30}.Release|x86.ActiveCfg = Release|Any CPU
		{83D56954-6271-4BA9-9114-48E487C90A30}.Release|x86.Build.0 = Release|Any CPU
		{555F9C18-5D73-4C62-B882-1E52728F2E2C}.Debug|Any CPU.ActiveCfg = Debug|Any CPU
		{555F9C18-5D73-4C62-B882-1E52728F2E2C}.Debug|Any CPU.Build.0 = Debug|Any CPU
		{555F9C18-5D73-4C62-B882-1E52728F2E2C}.Debug|x64.ActiveCfg = Debug|Any CPU
		{555F9C18-5D73-4C62-B882-1E52728F2E2C}.Debug|x64.Build.0 = Debug|Any CPU
		{555F9C18-5D73-4C62-B882-1E52728F2E2C}.Debug|x86.ActiveCfg = Debug|Any CPU
		{555F9C18-5D73-4C62-B882-1E52728F2E2C}.Debug|x86.Build.0 = Debug|Any CPU
		{555F9C18-5D73-4C62-B882-1E52728F2E2C}.Release|Any CPU.ActiveCfg = Release|Any CPU
		{555F9C18-5D73-4C62-B882-1E52728F2E2C}.Release|Any CPU.Build.0 = Release|Any CPU
		{555F9C18-5D73-4C62-B882-1E52728F2E2C}.Release|x64.ActiveCfg = Release|Any CPU
		{555F9C18-5D73-4C62-B882-1E52728F2E2C}.Release|x64.Build.0 = Release|Any CPU
		{555F9C18-5D73-4C62-B882-1E52728F2E2C}.Release|x86.ActiveCfg = Release|Any CPU
		{555F9C18-5D73-4C62-B882-1E52728F2E2C}.Release|x86.Build.0 = Release|Any CPU
		{9E8DC0E7-FF21-493A-BA27-C3DD98E4BB87}.Debug|Any CPU.ActiveCfg = Debug|Any CPU
		{9E8DC0E7-FF21-493A-BA27-C3DD98E4BB87}.Debug|Any CPU.Build.0 = Debug|Any CPU
		{9E8DC0E7-FF21-493A-BA27-C3DD98E4BB87}.Debug|x64.ActiveCfg = Debug|Any CPU
		{9E8DC0E7-FF21-493A-BA27-C3DD98E4BB87}.Debug|x64.Build.0 = Debug|Any CPU
		{9E8DC0E7-FF21-493A-BA27-C3DD98E4BB87}.Debug|x86.ActiveCfg = Debug|Any CPU
		{9E8DC0E7-FF21-493A-BA27-C3DD98E4BB87}.Debug|x86.Build.0 = Debug|Any CPU
		{9E8DC0E7-FF21-493A-BA27-C3DD98E4BB87}.Release|Any CPU.ActiveCfg = Release|Any CPU
		{9E8DC0E7-FF21-493A-BA27-C3DD98E4BB87}.Release|Any CPU.Build.0 = Release|Any CPU
		{9E8DC0E7-FF21-493A-BA27-C3DD98E4BB87}.Release|x64.ActiveCfg = Release|Any CPU
		{9E8DC0E7-FF21-493A-BA27-C3DD98E4BB87}.Release|x64.Build.0 = Release|Any CPU
		{9E8DC0E7-FF21-493A-BA27-C3DD98E4BB87}.Release|x86.ActiveCfg = Release|Any CPU
		{9E8DC0E7-FF21-493A-BA27-C3DD98E4BB87}.Release|x86.Build.0 = Release|Any CPU
		{F52C412F-22E1-4182-B4E8-0D3B6311F601}.Debug|Any CPU.ActiveCfg = Debug|Any CPU
		{F52C412F-22E1-4182-B4E8-0D3B6311F601}.Debug|Any CPU.Build.0 = Debug|Any CPU
		{F52C412F-22E1-4182-B4E8-0D3B6311F601}.Debug|x64.ActiveCfg = Debug|Any CPU
		{F52C412F-22E1-4182-B4E8-0D3B6311F601}.Debug|x64.Build.0 = Debug|Any CPU
		{F52C412F-22E1-4182-B4E8-0D3B6311F601}.Debug|x86.ActiveCfg = Debug|Any CPU
		{F52C412F-22E1-4182-B4E8-0D3B6311F601}.Debug|x86.Build.0 = Debug|Any CPU
		{F52C412F-22E1-4182-B4E8-0D3B6311F601}.Release|Any CPU.ActiveCfg = Release|Any CPU
		{F52C412F-22E1-4182-B4E8-0D3B6311F601}.Release|Any CPU.Build.0 = Release|Any CPU
		{F52C412F-22E1-4182-B4E8-0D3B6311F601}.Release|x64.ActiveCfg = Release|Any CPU
		{F52C412F-22E1-4182-B4E8-0D3B6311F601}.Release|x64.Build.0 = Release|Any CPU
		{F52C412F-22E1-4182-B4E8-0D3B6311F601}.Release|x86.ActiveCfg = Release|Any CPU
		{F52C412F-22E1-4182-B4E8-0D3B6311F601}.Release|x86.Build.0 = Release|Any CPU
	EndGlobalSection
	GlobalSection(SolutionProperties) = preSolution
		HideSolutionNode = FALSE
	EndGlobalSection
	GlobalSection(ExtensibilityGlobals) = postSolution
		SolutionGuid = {41D1A2B7-7862-4E09-87CF-E550E58BF895}
	EndGlobalSection
EndGlobal
